hash: 30484b24017125eb87d074d98326bea001db9f2252a3b5a03b85733563752dbd
updated: 2019-08-29T09:59:04.837504+03:00
imports:
- name: github.com/allegro/bigcache
  version: 06975fd8de981b85f94a4e5bed7c32999030cef3
  subpackages:
  - queue
- name: github.com/aristanetworks/goarista
  version: 70ad3c3262ada0444973f3f02e4a8339319236b3
  subpackages:
  - monotime
- name: github.com/armon/go-metrics
  version: 3c58d8115a78a6879e5df75ae900846768d36895
- name: github.com/asaskevich/govalidator
  version: 521b25f4b05fd26bec69d9dedeb8f9c9a83939a8
- name: github.com/aws/aws-sdk-go
  version: f2bb620afb315242706942e6ca4c7d26ee5ed627
  subpackages:
  - aws
  - aws/awserr
  - aws/awsutil
  - aws/client
  - aws/client/metadata
  - aws/corehandlers
  - aws/credentials
  - aws/credentials/ec2rolecreds
  - aws/credentials/endpointcreds
  - aws/credentials/processcreds
  - aws/credentials/stscreds
  - aws/csm
  - aws/defaults
  - aws/ec2metadata
  - aws/endpoints
  - aws/request
  - aws/session
  - aws/signer/v4
  - internal/ini
  - internal/sdkio
  - internal/sdkrand
  - internal/sdkuri
  - internal/shareddefaults
  - private/protocol
  - private/protocol/json/jsonutil
  - private/protocol/jsonrpc
  - private/protocol/query
  - private/protocol/query/queryutil
  - private/protocol/rest
  - private/protocol/xml/xmlutil
  - service/kinesis
  - service/sts
- name: github.com/beorn7/perks
  version: 3a771d992973f24aa725d07868b467d1ddfceafb
  subpackages:
  - quantile
- name: github.com/btcsuite/btcd
  version: f899737d7f2764dc13e4d01ff00108ec58f766a9
  subpackages:
  - btcec
- name: github.com/deckarep/golang-set
  version: 504e848d77ea4752b3057b8fb46da0e7f746ccf3
- name: github.com/edsrzf/mmap-go
  version: 0bce6a6887123b67a60366d2c9fe2dfb74289d2e
- name: github.com/ethereum/go-ethereum
  version: c942700427557e3ff6de3aaf6b916e2f056c1ec2
  subpackages:
  - accounts
  - accounts/abi
  - accounts/abi/bind
  - accounts/abi/bind/backends
  - accounts/keystore
  - common
  - common/bitutil
  - common/hexutil
  - common/math
  - common/mclock
  - common/prque
  - consensus
  - consensus/ethash
  - consensus/misc
  - core
  - core/bloombits
  - core/rawdb
  - core/state
  - core/types
  - core/vm
  - crypto
  - crypto/bn256
  - crypto/bn256/cloudflare
  - crypto/bn256/google
  - crypto/secp256k1
  - eth/filters
  - ethclient
  - ethdb
  - event
  - log
  - metrics
  - p2p/netutil
  - params
  - rlp
  - rpc
  - trie
- name: github.com/globalsign/mgo
  version: eeefdecb41b842af6dc652aaea4026e8403e62df
  subpackages:
  - bson
  - internal/json
- name: github.com/go-openapi/analysis
  version: 7c1bef8f6d9fa6148ce0d8a0ebf5339a084a6639
  subpackages:
  - internal
- name: github.com/go-openapi/errors
  version: b2b2befaf267d082d779bcef52d682a47c779517
- name: github.com/go-openapi/jsonpointer
  version: 3a0015ad55fa9873f41605d3e8f28cd279c32ab2
- name: github.com/go-openapi/jsonreference
  version: 3fb327e6747da3043567ee86abd02bb6376b6be2
- name: github.com/go-openapi/loads
  version: 2a2b323bab96e6b1fdee110e57d959322446e9c9
- name: github.com/go-openapi/runtime
  version: 9a3091f566c0811ef4d54b535179bc0fc484a11f
- name: github.com/go-openapi/spec
  version: 384415f06ee238aae1df5caad877de6ceac3a5c4
- name: github.com/go-openapi/strfmt
  version: 35fe47352985e13cc75f13120d70d26fd764ed51
- name: github.com/go-openapi/swag
  version: becd2f08beafcca035645a8a101e0e3e18140458
- name: github.com/go-openapi/validate
  version: 7c1911976134d3a24d0c03127505163c9f16aa3b
- name: github.com/go-stack/stack
  version: 259ab82a6cad3992b4e21ff5cac294ccb06474bc
- name: github.com/golang/protobuf
  version: 89a0c16f4dc2a70c0ed864d8ef64878f24fdaa51
  subpackages:
  - proto
- name: github.com/golang/snappy
  version: 2e65f85255dbc3072edf28d6b5b8efc472979f5a
- name: github.com/hashicorp/consul
  version: c97c712e96e0e53308054d5e1180289fe02dce38
  subpackages:
  - api
- name: github.com/hashicorp/go-cleanhttp
  version: d5fe4b57a186c716b0e00b8c301cbd9b4182694d
- name: github.com/hashicorp/go-immutable-radix
  version: 7f3cd4390caab3250a57f30efdb2a65dd7649ecf
- name: github.com/hashicorp/go-rootcerts
  version: 6bb64b370b90e7ef1fa532be9e591a81c3493e00
- name: github.com/hashicorp/golang-lru
  version: 0fb14efe8c47ae851c0034ed7a448854d3d34cf3
  subpackages:
  - simplelru
- name: github.com/hashicorp/serf
  version: 19bbd39e421bdf3559d5025fb2c760f5ffa56233
  subpackages:
  - coordinate
- name: github.com/jmespath/go-jmespath
  version: c2b33e8439af944379acbdd9c3a5fe0bc44bd8a5
- name: github.com/jmoiron/sqlx
  version: d161d7a76b5661016ad0b085869f77fd410f3e6a
  subpackages:
  - reflectx
- name: github.com/jpillora/backoff
  version: 8eab2debe79d12b7bd3d10653910df25fa9552ba
- name: github.com/justinas/alice
  version: 03f45bd4b7dad4734bc4620e46a35789349abb20
- name: github.com/lib/pq
  version: 90697d60dd844d5ef6ff15135d0203f65d2f53b8
  subpackages:
  - oid
- name: github.com/mailru/easyjson
  version: 03f2033d19d5860aef995fe360ac7d395cd8ce65
  subpackages:
  - buffer
  - jlexer
  - jwriter
- name: github.com/matttproud/golang_protobuf_extensions
  version: c12348ce28de40eed0136aa2b644d0ee0650e56c
  subpackages:
  - pbutil
- name: github.com/mitchellh/go-homedir
  version: 58046073cbffe2f25d425fe1331102f55cf719de
- name: github.com/mitchellh/mapstructure
  version: f15292f7a699fcc1a38a80977f80a046874ba8ac
- name: github.com/monetha/go-distributed
  version: 16a880afd40d5e314ec921d6ee087845fbcf4c9d
  subpackages:
  - broker
  - broker/consulbroker
  - broker/mutexbroker
  - locker
  - task
- name: github.com/monetha/go-ethereum
  version: e7e7ff90cf6f091a867c009b54164332d5eb2440
  subpackages:
  - blocksource
  - client
- name: github.com/monetha/go-verifiable-data
  version: d1ba6d817e3c5ba895e7dd35024f39f045b52b2a
  subpackages:
  - contracts
  - contracts/txdata
  - crypto/ecies
  - deployer
  - eth
  - eth/backend
  - eth/backend/ethclient
  - facts
  - ipfs
  - log
  - types/change
  - types/data
  - types/exchange
- name: github.com/pborman/uuid
  version: c65b2f87fee37d1c7854c9164a450713c28d50cd
- name: github.com/pkg/errors
  version: 645ef00459ed84a119197bfb8d8205042c6df63d
- name: github.com/prometheus/client_golang
  version: 505eaef017263e299324067d40ca2c48f6a2cf50
  subpackages:
  - prometheus
  - prometheus/internal
  - prometheus/promhttp
- name: github.com/prometheus/client_model
  version: 5c3871d89910bfb32f5fcab2aa4b9ec68e65a99f
  subpackages:
  - go
- name: github.com/prometheus/common
  version: c7de2306084e37d54b8be01f3541a8464345e9a5
  subpackages:
  - expfmt
  - internal/bitbucket.org/ww/goautoneg
  - model
- name: github.com/prometheus/procfs
  version: 05ee40e3a273f7245e8777337fc7b46e533a9a92
  subpackages:
  - internal/util
  - nfs
  - xfs
- name: github.com/PuerkitoBio/purell
  version: 975f53781597ed779763b7b65566e74c4004d8de
- name: github.com/PuerkitoBio/urlesc
  version: de5bf2ad457846296e2031421a34e2568e304e35
- name: github.com/rcrowley/go-metrics
  version: e2704e165165ec55d062f5919b4b29494e9fa790
- name: github.com/rjeczalik/notify
  version: 4e54e7fd043e865c50bda93359fb78813a8d165b
- name: github.com/rs/cors
  version: 9a47f48565a795472d43519dd49aac781f3034fb
- name: github.com/satori/go.uuid
  version: f58768cc1a7a7e77a3bd49e98cdd21419399b6a3
- name: github.com/syndtr/goleveldb
  version: c4c61651e9e37fa117f53c5a906d3b63090d8445
  subpackages:
  - leveldb
  - leveldb/cache
  - leveldb/comparer
  - leveldb/errors
  - leveldb/filter
  - leveldb/iterator
  - leveldb/journal
  - leveldb/memdb
  - leveldb/opt
  - leveldb/storage
  - leveldb/table
  - leveldb/util
- name: go.uber.org/atomic
  version: df976f2515e274675050de7b3f42545de80594fd
- name: go.uber.org/multierr
  version: 3c4937480c32f4c13a875a1829af76c98ca3d40a
- name: go.uber.org/zap
  version: ff33455a0e382e8a81d14dd7c922020b6b5e7982
  subpackages:
  - buffer
  - internal/bufferpool
  - internal/color
  - internal/exit
  - zapcore
- name: golang.org/x/crypto
  version: de0752318171da717af4ce24d0a2e8626afaeb11
  subpackages:
  - pbkdf2
  - ripemd160
  - scrypt
  - sha3
- name: golang.org/x/net
  version: 5c2c250b6a70e39b74bb544433a348a892b10530
  subpackages:
  - context
  - idna
  - websocket
- name: golang.org/x/sys
  version: 904bdc257025c7b3f43c19360ad3ab85783fad78
  subpackages:
  - cpu
  - unix
- name: golang.org/x/text
  version: 6e3c4e7365ddcc329f090f96e4348398f6310088
  subpackages:
  - secure/bidirule
  - transform
  - unicode/bidi
  - unicode/norm
  - width
- name: gopkg.in/natefinch/npipe.v2
  version: c1b8fa8bdccecb0b8db834ee0b92fdbcfa606dd6
- name: gopkg.in/yaml.v2
  version: 5420a8b6744d3b0345ab293f6fcba19c978f1183
testImports:
- name: github.com/davecgh/go-spew
  version: 8991bc29aa16c548c550c7ff78260e27b9ab7c73
  subpackages:
  - spew
- name: github.com/pmezard/go-difflib
  version: 792786c7400a136282c1664665ae0a8db921c6c2
  subpackages:
  - difflib
- name: github.com/stretchr/testify
  version: f35b8ab0b5a2cef36673838d662e249dd9c94686
  subpackages:
  - assert
  - require
